
Microsoft Visual Studio Solution File, Format Version 12.00
# Visual Studio Version 17
VisualStudioVersion = 17.0.31919.166
MinimumVisualStudioVersion = 10.0.40219.1
Project("{FAE04EC0-301F-11D3-BF4B-00C04F79EFBC}") = "Lab01", "Lab01.csproj", "{FF2D2739-B670-4012-9A46-921FDF5BDCA7}"
EndProject
Global
	GlobalSection(SolutionConfigurationPlatforms) = preSolution
		Debug|Any CPU = Debug|Any CPU
		Release|Any CPU = Release|Any CPU
	EndGlobalSection
	GlobalSection(ProjectConfigurationPlatforms) = postSolution
		{FF2D2739-B670-4012-9A46-921FDF5BDCA7}.Debug|Any CPU.ActiveCfg = Debug|Any CPU
		{FF2D2739-B670-4012-9A46-921FDF5BDCA7}.Debug|Any CPU.Build.0 = Debug|Any CPU
		{FF2D2739-B670-4012-9A46-921FDF5BDCA7}.Release|Any CPU.ActiveCfg = Release|Any CPU
		{FF2D2739-B670-4012-9A46-921FDF5BDCA7}.Release|Any CPU.Build.0 = Release|Any CPU
	EndGlobalSection
	GlobalSection(SolutionProperties) = preSolution
		HideSolutionNode = FALSE
	EndGlobalSection
	GlobalSection(ExtensibilityGlobals) = postSolution
		SolutionGuid = {D35A9127-5741-49B8-B06C-AE993C147758}
	EndGlobalSection
EndGlobal
